// !$*UTF8*$!
{
	archiveVersion = 1;
	classes = {
	};
	objectVersion = 50;
	objects = {

/* Begin PBXBuildFile section */
		22859A8424A5FA8C00CBE1B2 /* AmountSettingViewController.swift in Sources */ = {isa = PBXBuildFile; fileRef = 22859A8324A5FA8C00CBE1B2 /* AmountSettingViewController.swift */; };
		22859A8624A5FAB500CBE1B2 /* RadiusSettingViewController.swift in Sources */ = {isa = PBXBuildFile; fileRef = 22859A8524A5FAB500CBE1B2 /* RadiusSettingViewController.swift */; };
		22859A8824A5FAE200CBE1B2 /* ColorSettingViewController.swift in Sources */ = {isa = PBXBuildFile; fileRef = 22859A8724A5FAE200CBE1B2 /* ColorSettingViewController.swift */; };
		22859A8A24A5FB0000CBE1B2 /* ResultViewController.swift in Sources */ = {isa = PBXBuildFile; fileRef = 22859A8924A5FB0000CBE1B2 /* ResultViewController.swift */; };
		22859A8C24A5FBA900CBE1B2 /* FilterHelper.swift in Sources */ = {isa = PBXBuildFile; fileRef = 22859A8B24A5FBA900CBE1B2 /* FilterHelper.swift */; };
		22FEBC9A24A48B9B00773A87 /* AppDelegate.swift in Sources */ = {isa = PBXBuildFile; fileRef = 22FEBC9924A48B9B00773A87 /* AppDelegate.swift */; };
		22FEBC9C24A48B9B00773A87 /* SceneDelegate.swift in Sources */ = {isa = PBXBuildFile; fileRef = 22FEBC9B24A48B9B00773A87 /* SceneDelegate.swift */; };
		22FEBC9E24A48B9B00773A87 /* ViewController.swift in Sources */ = {isa = PBXBuildFile; fileRef = 22FEBC9D24A48B9B00773A87 /* ViewController.swift */; };
		22FEBCA124A48B9B00773A87 /* Main.storyboard in Resources */ = {isa = PBXBuildFile; fileRef = 22FEBC9F24A48B9B00773A87 /* Main.storyboard */; };
		22FEBCA324A48B9C00773A87 /* Assets.xcassets in Resources */ = {isa = PBXBuildFile; fileRef = 22FEBCA224A48B9C00773A87 /* Assets.xcassets */; };
		22FEBCA624A48B9C00773A87 /* LaunchScreen.storyboard in Resources */ = {isa = PBXBuildFile; fileRef = 22FEBCA424A48B9C00773A87 /* LaunchScreen.storyboard */; };
/* End PBXBuildFile section */

/* Begin PBXFileReference section */
		22859A8324A5FA8C00CBE1B2 /* AmountSettingViewController.swift */ = {isa = PBXFileReference; lastKnownFileType = sourcecode.swift; path = AmountSettingViewController.swift; sourceTree = "<group>"; };
		22859A8524A5FAB500CBE1B2 /* RadiusSettingViewController.swift */ = {isa = PBXFileReference; lastKnownFileType = sourcecode.swift; path = RadiusSettingViewController.swift; sourceTree = "<group>"; };
		22859A8724A5FAE200CBE1B2 /* ColorSettingViewController.swift */ = {isa = PBXFileReference; lastKnownFileType = sourcecode.swift; path = ColorSettingViewController.swift; sourceTree = "<group>"; };
		22859A8924A5FB0000CBE1B2 /* ResultViewController.swift */ = {isa = PBXFileReference; lastKnownFileType = sourcecode.swift; path = ResultViewController.swift; sourceTree = "<group>"; };
		22859A8B24A5FBA900CBE1B2 /* FilterHelper.swift */ = {isa = PBXFileReference; lastKnownFileType = sourcecode.swift; path = FilterHelper.swift; sourceTree = "<group>"; };
		22FEBC9624A48B9A00773A87 /* CIFilterMixer.app */ = {isa = PBXFileReference; explicitFileType = wrapper.application; includeInIndex = 0; path = CIFilterMixer.app; sourceTree = BUILT_PRODUCTS_DIR; };
		22FEBC9924A48B9B00773A87 /* AppDelegate.swift */ = {isa = PBXFileReference; lastKnownFileType = sourcecode.swift; path = AppDelegate.swift; sourceTree = "<group>"; };
		22FEBC9B24A48B9B00773A87 /* SceneDelegate.swift */ = {isa = PBXFileReference; lastKnownFileType = sourcecode.swift; path = SceneDelegate.swift; sourceTree = "<group>"; };
		22FEBC9D24A48B9B00773A87 /* ViewController.swift */ = {isa = PBXFileReference; lastKnownFileType = sourcecode.swift; path = ViewController.swift; sourceTree = "<group>"; };
		22FEBCA024A48B9B00773A87 /* Base */ = {isa = PBXFileReference; lastKnownFileType = file.storyboard; name = Base; path = Base.lproj/Main.storyboard; sourceTree = "<group>"; };
		22FEBCA224A48B9C00773A87 /* Assets.xcassets */ = {isa = PBXFileReference; lastKnownFileType = folder.assetcatalog; path = Assets.xcassets; sourceTree = "<group>"; };
		22FEBCA524A48B9C00773A87 /* Base */ = {isa = PBXFileReference; lastKnownFileType = file.storyboard; name = Base; path = Base.lproj/LaunchScreen.storyboard; sourceTree = "<group>"; };
		22FEBCA724A48B9C00773A87 /* Info.plist */ = {isa = PBXFileReference; lastKnownFileType = text.plist.xml; path = Info.plist; sourceTree = "<group>"; };
/* End PBXFileReference section */

/* Begin PBXFrameworksBuildPhase section */
		22FEBC9324A48B9A00773A87 /* Frameworks */ = {
			isa = PBXFrameworksBuildPhase;
			buildActionMask = 2147483647;
			files = (
			);
			runOnlyForDeploymentPostprocessing = 0;
		};
/* End PBXFrameworksBuildPhase section */

/* Begin PBXGroup section */
		22C6A97424A99CD1008BC1CB /* Helper */ = {
			isa = PBXGroup;
			children = (
				22859A8B24A5FBA900CBE1B2 /* FilterHelper.swift */,
			);
			path = Helper;
			sourceTree = "<group>";
		};
		22FEBC8D24A48B9A00773A87 = {
			isa = PBXGroup;
			children = (
				22FEBC9824A48B9A00773A87 /* CIFilterMixer */,
				22FEBC9724A48B9A00773A87 /* Products */,
			);
			sourceTree = "<group>";
		};
		22FEBC9724A48B9A00773A87 /* Products */ = {
			isa = PBXGroup;
			children = (
				22FEBC9624A48B9A00773A87 /* CIFilterMixer.app */,
			);
			name = Products;
			sourceTree = "<group>";
		};
		22FEBC9824A48B9A00773A87 /* CIFilterMixer */ = {
			isa = PBXGroup;
			children = (
				22C6A97424A99CD1008BC1CB /* Helper */,
				22FEBC9924A48B9B00773A87 /* AppDelegate.swift */,
				22FEBC9B24A48B9B00773A87 /* SceneDelegate.swift */,
				22FEBC9D24A48B9B00773A87 /* ViewController.swift */,
				22859A8324A5FA8C00CBE1B2 /* AmountSettingViewController.swift */,
				22859A8524A5FAB500CBE1B2 /* RadiusSettingViewController.swift */,
				22859A8724A5FAE200CBE1B2 /* ColorSettingViewController.swift */,
				22859A8924A5FB0000CBE1B2 /* ResultViewController.swift */,
				22FEBC9F24A48B9B00773A87 /* Main.storyboard */,
				22FEBCA224A48B9C00773A87 /* Assets.xcassets */,
				22FEBCA424A48B9C00773A87 /* LaunchScreen.storyboard */,
				22FEBCA724A48B9C00773A87 /* Info.plist */,
			);
			path = CIFilterMixer;
			sourceTree = "<group>";
		};
/* End PBXGroup section */

/* Begin PBXNativeTarget section */
		22FEBC9524A48B9A00773A87 /* CIFilterMixer */ = {
			isa = PBXNativeTarget;
			buildConfigurationList = 22FEBCAA24A48B9C00773A87 /* Build configuration list for PBXNativeTarget "CIFilterMixer" */;
			buildPhases = (
				22FEBC9224A48B9A00773A87 /* Sources */,
				22FEBC9324A48B9A00773A87 /* Frameworks */,
				22FEBC9424A48B9A00773A87 /* Resources */,
			);
			buildRules = (
			);
			dependencies = (
			);
			name = CIFilterMixer;
			productName = CIFilterMixer;
			productReference = 22FEBC9624A48B9A00773A87 /* CIFilterMixer.app */;
			productType = "com.apple.product-type.application";
		};
/* End PBXNativeTarget section */

/* Begin PBXProject section */
		22FEBC8E24A48B9A00773A87 /* Project object */ = {
			isa = PBXProject;
			attributes = {
				LastSwiftUpdateCheck = 1130;
				LastUpgradeCheck = 1130;
				ORGANIZATIONNAME = STSN;
				TargetAttributes = {
					22FEBC9524A48B9A00773A87 = {
						CreatedOnToolsVersion = 11.3.1;
					};
				};
			};
			buildConfigurationList = 22FEBC9124A48B9A00773A87 /* Build configuration list for PBXProject "CIFilterMixer" */;
			compatibilityVersion = "Xcode 9.3";
			developmentRegion = en;
			hasScannedForEncodings = 0;
			knownRegions = (
				en,
				Base,
			);
			mainGroup = 22FEBC8D24A48B9A00773A87;
			productRefGroup = 22FEBC9724A48B9A00773A87 /* Products */;
			projectDirPath = "";
			projectRoot = "";
			targets = (
				22FEBC9524A48B9A00773A87 /* CIFilterMixer */,
			);
		};
/* End PBXProject section */

/* Begin PBXResourcesBuildPhase section */
		22FEBC9424A48B9A00773A87 /* Resources */ = {
			isa = PBXResourcesBuildPhase;
			buildActionMask = 2147483647;
			files = (
				22FEBCA624A48B9C00773A87 /* LaunchScreen.storyboard in Resources */,
				22FEBCA324A48B9C00773A87 /* Assets.xcassets in Resources */,
				22FEBCA124A48B9B00773A87 /* Main.storyboard in Resources */,
			);
			runOnlyForDeploymentPostprocessing = 0;
		};
/* End PBXResourcesBuildPhase section */

/* Begin PBXSourcesBuildPhase section */
		22FEBC9224A48B9A00773A87 /* Sources */ = {
			isa = PBXSourcesBuildPhase;
			buildActionMask = 2147483647;
			files = (
				22FEBC9E24A48B9B00773A87 /* ViewController.swift in Sources */,
				22FEBC9A24A48B9B00773A87 /* AppDelegate.swift in Sources */,
				22859A8A24A5FB0000CBE1B2 /* ResultViewController.swift in Sources */,
				22859A8C24A5FBA900CBE1B2 /* FilterHelper.swift in Sources */,
				22FEBC9C24A48B9B00773A87 /* SceneDelegate.swift in Sources */,
				22859A8624A5FAB500CBE1B2 /* RadiusSettingViewController.swift in Sources */,
				22859A8824A5FAE200CBE1B2 /* ColorSettingViewController.swift in Sources */,
				22859A8424A5FA8C00CBE1B2 /* AmountSettingViewController.swift in Sources */,
			);
			runOnlyForDeploymentPostprocessing = 0;
		};
/* End PBXSourcesBuildPhase section */

/* Begin PBXVariantGroup section */
		22FEBC9F24A48B9B00773A87 /* Main.storyboard */ = {
			isa = PBXVariantGroup;
			children = (
				22FEBCA024A48B9B00773A87 /* Base */,
			);
			name = Main.storyboard;
			sourceTree = "<group>";
		};
		22FEBCA424A48B9C00773A87 /* LaunchScreen.storyboard */ = {
			isa = PBXVariantGroup;
			children = (
				22FEBCA524A48B9C00773A87 /* Base */,
			);
			name = LaunchScreen.storyboard;
			sourceTree = "<group>";
		};
/* End PBXVariantGroup section */

/* Begin XCBuildConfiguration section */
		22FEBCA824A48B9C00773A87 /* Debug */ = {
			isa = XCBuildConfiguration;
			buildSettings = {
				ALWAYS_SEARCH_USER_PATHS = NO;
				CLANG_ANALYZER_NONNULL = YES;
				CLANG_ANALYZER_NUMBER_OBJECT_CONVERSION = YES_AGGRESSIVE;
				CLANG_CXX_LANGUAGE_STANDARD = "gnu++14";
				CLANG_CXX_LIBRARY = "libc++";
				CLANG_ENABLE_MODULES = YES;
				CLANG_ENABLE_OBJC_ARC = YES;
				CLANG_ENABLE_OBJC_WEAK = YES;
				CLANG_WARN_BLOCK_CAPTURE_AUTORELEASING = YES;
				CLANG_WARN_BOOL_CONVERSION = YES;
				CLANG_WARN_COMMA = YES;
				CLANG_WARN_CONSTANT_CONVERSION = YES;
				CLANG_WARN_DEPRECATED_OBJC_IMPLEMENTATIONS = YES;
				CLANG_WARN_DIRECT_OBJC_ISA_USAGE = YES_ERROR;
				CLANG_WARN_DOCUMENTATION_COMMENTS = YES;
				CLANG_WARN_EMPTY_BODY = YES;
				CLANG_WARN_ENUM_CONVERSION = YES;
				CLANG_WARN_INFINITE_RECURSION = YES;
				CLANG_WARN_INT_CONVERSION = YES;
				CLANG_WARN_NON_LITERAL_NULL_CONVERSION = YES;
				CLANG_WARN_OBJC_IMPLICIT_RETAIN_SELF = YES;
				CLANG_WARN_OBJC_LITERAL_CONVERSION = YES;
				CLANG_WARN_OBJC_ROOT_CLASS = YES_ERROR;
				CLANG_WARN_RANGE_LOOP_ANALYSIS = YES;
				CLANG_WARN_STRICT_PROTOTYPES = YES;
				CLANG_WARN_SUSPICIOUS_MOVE = YES;
				CLANG_WARN_UNGUARDED_AVAILABILITY = YES_AGGRESSIVE;
				CLANG_WARN_UNREACHABLE_CODE = YES;
				CLANG_WARN__DUPLICATE_METHOD_MATCH = YES;
				COPY_PHASE_STRIP = NO;
				DEBUG_INFORMATION_FORMAT = dwarf;
				ENABLE_STRICT_OBJC_MSGSEND = YES;
				ENABLE_TESTABILITY = YES;
				GCC_C_LANGUAGE_STANDARD = gnu11;
				GCC_DYNAMIC_NO_PIC = NO;
				GCC_NO_COMMON_BLOCKS = YES;
				GCC_OPTIMIZATION_LEVEL = 0;
				GCC_PREPROCESSOR_DEFINITIONS = (
					"DEBUG=1",
					"$(inherited)",
				);
				GCC_WARN_64_TO_32_BIT_CONVERSION = YES;
				GCC_WARN_ABOUT_RETURN_TYPE = YES_ERROR;
				GCC_WARN_UNDECLARED_SELECTOR = YES;
				GCC_WARN_UNINITIALIZED_AUTOS = YES_AGGRESSIVE;
				GCC_WARN_UNUSED_FUNCTION = YES;
				GCC_WARN_UNUSED_VARIABLE = YES;
				IPHONEOS_DEPLOYMENT_TARGET = 13.2;
				MTL_ENABLE_DEBUG_INFO = INCLUDE_SOURCE;
				MTL_FAST_MATH = YES;
				ONLY_ACTIVE_ARCH = YES;
				SDKROOT = iphoneos;
				SWIFT_ACTIVE_COMPILATION_CONDITIONS = DEBUG;
				SWIFT_OPTIMIZATION_LEVEL = "-Onone";
			};
			name = Debug;
		};
		22FEBCA924A48B9C00773A87 /* Release */ = {
			isa = XCBuildConfiguration;
			buildSettings = {
				ALWAYS_SEARCH_USER_PATHS = NO;
				CLANG_ANALYZER_NONNULL = YES;
				CLANG_ANALYZER_NUMBER_OBJECT_CONVERSION = YES_AGGRESSIVE;
				CLANG_CXX_LANGUAGE_STANDARD = "gnu++14";
				CLANG_CXX_LIBRARY = "libc++";
				CLANG_ENABLE_MODULES = YES;
				CLANG_ENABLE_OBJC_ARC = YES;
				CLANG_ENABLE_OBJC_WEAK = YES;
				CLANG_WARN_BLOCK_CAPTURE_AUTORELEASING = YES;
				CLANG_WARN_BOOL_CONVERSION = YES;
				CLANG_WARN_COMMA = YES;
				CLANG_WARN_CONSTANT_CONVERSION = YES;
				CLANG_WARN_DEPRECATED_OBJC_IMPLEMENTATIONS = YES;
				CLANG_WARN_DIRECT_OBJC_ISA_USAGE = YES_ERROR;
				CLANG_WARN_DOCUMENTATION_COMMENTS = YES;
				CLANG_WARN_EMPTY_BODY = YES;
				CLANG_WARN_ENUM_CONVERSION = YES;
				CLANG_WARN_INFINITE_RECURSION = YES;
				CLANG_WARN_INT_CONVERSION = YES;
				CLANG_WARN_NON_LITERAL_NULL_CONVERSION = YES;
				CLANG_WARN_OBJC_IMPLICIT_RETAIN_SELF = YES;
				CLANG_WARN_OBJC_LITERAL_CONVERSION = YES;
				CLANG_WARN_OBJC_ROOT_CLASS = YES_ERROR;
				CLANG_WARN_RANGE_LOOP_ANALYSIS = YES;
				CLANG_WARN_STRICT_PROTOTYPES = YES;
				CLANG_WARN_SUSPICIOUS_MOVE = YES;
				CLANG_WARN_UNGUARDED_AVAILABILITY = YES_AGGRESSIVE;
				CLANG_WARN_UNREACHABLE_CODE = YES;
				CLANG_WARN__DUPLICATE_METHOD_MATCH = YES;
				COPY_PHASE_STRIP = NO;
				DEBUG_INFORMATION_FORMAT = "dwarf-with-dsym";
				ENABLE_NS_ASSERTIONS = NO;
				ENABLE_STRICT_OBJC_MSGSEND = YES;
				GCC_C_LANGUAGE_STANDARD = gnu11;
				GCC_NO_COMMON_BLOCKS = YES;
				GCC_WARN_64_TO_32_BIT_CONVERSION = YES;
				GCC_WARN_ABOUT_RETURN_TYPE = YES_ERROR;
				GCC_WARN_UNDECLARED_SELECTOR = YES;
				GCC_WARN_UNINITIALIZED_AUTOS = YES_AGGRESSIVE;
				GCC_WARN_UNUSED_FUNCTION = YES;
				GCC_WARN_UNUSED_VARIABLE = YES;
				IPHONEOS_DEPLOYMENT_TARGET = 13.2;
				MTL_ENABLE_DEBUG_INFO = NO;
				MTL_FAST_MATH = YES;
				SDKROOT = iphoneos;
				SWIFT_COMPILATION_MODE = wholemodule;
				SWIFT_OPTIMIZATION_LEVEL = "-O";
				VALIDATE_PRODUCT = YES;
			};
			name = Release;
		};
		22FEBCAB24A48B9C00773A87 /* Debug */ = {
			isa = XCBuildConfiguration;
			buildSettings = {
				ASSETCATALOG_COMPILER_APPICON_NAME = AppIcon;
				CODE_SIGN_STYLE = Automatic;
				INFOPLIST_FILE = CIFilterMixer/Info.plist;
				LD_RUNPATH_SEARCH_PATHS = (
					"$(inherited)",
					"@executable_path/Frameworks",
				);
				PRODUCT_BUNDLE_IDENTIFIER = soko.doko.koko.CIFilterMixer;
				PRODUCT_NAME = "$(TARGET_NAME)";
				SWIFT_VERSION = 5.0;
				TARGETED_DEVICE_FAMILY = "1,2";
			};
			name = Debug;
		};
		22FEBCAC24A48B9C00773A87 /* Release */ = {
			isa = XCBuildConfiguration;
			buildSettings = {
				ASSETCATALOG_COMPILER_APPICON_NAME = AppIcon;
				CODE_SIGN_STYLE = Automatic;
				INFOPLIST_FILE = CIFilterMixer/Info.plist;
				LD_RUNPATH_SEARCH_PATHS = (
					"$(inherited)",
					"@executable_path/Frameworks",
				);
				PRODUCT_BUNDLE_IDENTIFIER = soko.doko.koko.CIFilterMixer;
				PRODUCT_NAME = "$(TARGET_NAME)";
				SWIFT_VERSION = 5.0;
				TARGETED_DEVICE_FAMILY = "1,2";
			};
			name = Release;
		};
/* End XCBuildConfiguration section */

/* Begin XCConfigurationList section */
		22FEBC9124A48B9A00773A87 /* Build configuration list for PBXProject "CIFilterMixer" */ = {
			isa = XCConfigurationList;
			buildConfigurations = (
				22FEBCA824A48B9C00773A87 /* Debug */,
				22FEBCA924A48B9C00773A87 /* Release */,
			);
			defaultConfigurationIsVisible = 0;
			defaultConfigurationName = Release;
		};
		22FEBCAA24A48B9C00773A87 /* Build configuration list for PBXNativeTarget "CIFilterMixer" */ = {
			isa = XCConfigurationList;
			buildConfigurations = (
				22FEBCAB24A48B9C00773A87 /* Debug */,
				22FEBCAC24A48B9C00773A87 /* Release */,
			);
			defaultConfigurationIsVisible = 0;
			defaultConfigurationName = Release;
		};
/* End XCConfigurationList section */
	};
	rootObject = 22FEBC8E24A48B9A00773A87 /* Project object */;
}
